
Microsoft Visual Studio Solution File, Format Version 12.00
# Visual Studio 15
VisualStudioVersion = 15.0.27703.2000
MinimumVisualStudioVersion = 10.0.40219.1
Project("{FAE04EC0-301F-11D3-BF4B-00C04F79EFBC}") = "CoffeeFinal", "CoffeeFinal\CoffeeFinal.csproj", "{C7DE8648-947D-4DC8-B7FF-87024F419BEB}"
EndProject
Global
	GlobalSection(SolutionConfigurationPlatforms) = preSolution
		Debug|Any CPU = Debug|Any CPU
		Release|Any CPU = Release|Any CPU
	EndGlobalSection
	GlobalSection(ProjectConfigurationPlatforms) = postSolution
		{C7DE8648-947D-4DC8-B7FF-87024F419BEB}.Debug|Any CPU.ActiveCfg = Debug|Any CPU
		{C7DE8648-947D-4DC8-B7FF-87024F419BEB}.Debug|Any CPU.Build.0 = Debug|Any CPU
		{C7DE8648-947D-4DC8-B7FF-87024F419BEB}.Release|Any CPU.ActiveCfg = Release|Any CPU
		{C7DE8648-947D-4DC8-B7FF-87024F419BEB}.Release|Any CPU.Build.0 = Release|Any CPU
	EndGlobalSection
	GlobalSection(SolutionProperties) = preSolution
		HideSolutionNode = FALSE
	EndGlobalSection
	GlobalSection(ExtensibilityGlobals) = postSolution
		SolutionGuid = {8ED24700-C450-429B-A61D-CD2F4E7E518A}
	EndGlobalSection
EndGlobal
